// !$*UTF8*$!
{
	archiveVersion = 1;
	classes = {
	};
	objectVersion = 46;
	objects = {

/* Begin PBXBuildFile section */
		91018A141DD2701200BB4E40 /* libwally_core_ios.m in Sources */ = {isa = PBXBuildFile; fileRef = 91018A131DD2701200BB4E40 /* libwally_core_ios.m */; };
		91018A151DD2701200BB4E40 /* libwally_core_ios.h in CopyFiles */ = {isa = PBXBuildFile; fileRef = 91018A121DD2701200BB4E40 /* libwally_core_ios.h */; };
/* End PBXBuildFile section */

/* Begin PBXCopyFilesBuildPhase section */
		91018A0D1DD2701200BB4E40 /* CopyFiles */ = {
			isa = PBXCopyFilesBuildPhase;
			buildActionMask = 2147483647;
			dstPath = "include/$(PRODUCT_NAME)";
			dstSubfolderSpec = 16;
			files = (
				91018A151DD2701200BB4E40 /* libwally_core_ios.h in CopyFiles */,
			);
			runOnlyForDeploymentPostprocessing = 0;
		};
/* End PBXCopyFilesBuildPhase section */

/* Begin PBXFileReference section */
		91018A0F1DD2701200BB4E40 /* liblibwally-core-ios.a */ = {isa = PBXFileReference; explicitFileType = archive.ar; includeInIndex = 0; path = "liblibwally-core-ios.a"; sourceTree = BUILT_PRODUCTS_DIR; };
		91018A121DD2701200BB4E40 /* libwally_core_ios.h */ = {isa = PBXFileReference; lastKnownFileType = sourcecode.c.h; path = libwally_core_ios.h; sourceTree = "<group>"; };
		91018A131DD2701200BB4E40 /* libwally_core_ios.m */ = {isa = PBXFileReference; lastKnownFileType = sourcecode.c.objc; path = libwally_core_ios.m; sourceTree = "<group>"; };
/* End PBXFileReference section */

/* Begin PBXFrameworksBuildPhase section */
		91018A0C1DD2701200BB4E40 /* Frameworks */ = {
			isa = PBXFrameworksBuildPhase;
			buildActionMask = 2147483647;
			files = (
			);
			runOnlyForDeploymentPostprocessing = 0;
		};
/* End PBXFrameworksBuildPhase section */

/* Begin PBXGroup section */
		91018A061DD2701200BB4E40 = {
			isa = PBXGroup;
			children = (
				91018A111DD2701200BB4E40 /* libwally-core-ios */,
				91018A101DD2701200BB4E40 /* Products */,
			);
			sourceTree = "<group>";
		};
		91018A101DD2701200BB4E40 /* Products */ = {
			isa = PBXGroup;
			children = (
				91018A0F1DD2701200BB4E40 /* liblibwally-core-ios.a */,
			);
			name = Products;
			sourceTree = "<group>";
		};
		91018A111DD2701200BB4E40 /* libwally-core-ios */ = {
			isa = PBXGroup;
			children = (
				91018A121DD2701200BB4E40 /* libwally_core_ios.h */,
				91018A131DD2701200BB4E40 /* libwally_core_ios.m */,
			);
			path = "libwally-core-ios";
			sourceTree = "<group>";
		};
/* End PBXGroup section */

/* Begin PBXNativeTarget section */
		91018A0E1DD2701200BB4E40 /* libwally-core-ios */ = {
			isa = PBXNativeTarget;
			buildConfigurationList = 91018A181DD2701200BB4E40 /* Build configuration list for PBXNativeTarget "libwally-core-ios" */;
			buildPhases = (
				91018A0B1DD2701200BB4E40 /* Sources */,
				91018A0C1DD2701200BB4E40 /* Frameworks */,
				91018A0D1DD2701200BB4E40 /* CopyFiles */,
			);
			buildRules = (
			);
			dependencies = (
			);
			name = "libwally-core-ios";
			productName = "libwally-core-ios";
			productReference = 91018A0F1DD2701200BB4E40 /* liblibwally-core-ios.a */;
			productType = "com.apple.product-type.library.static";
		};
/* End PBXNativeTarget section */

/* Begin PBXProject section */
		91018A071DD2701200BB4E40 /* Project object */ = {
			isa = PBXProject;
			attributes = {
				LastUpgradeCheck = 0810;
				ORGANIZATIONNAME = "isidoro carlo ghezzi";
				TargetAttributes = {
					91018A0E1DD2701200BB4E40 = {
						CreatedOnToolsVersion = 8.1;
						ProvisioningStyle = Automatic;
					};
				};
			};
			buildConfigurationList = 91018A0A1DD2701200BB4E40 /* Build configuration list for PBXProject "libwally-core-ios" */;
			compatibilityVersion = "Xcode 3.2";
			developmentRegion = English;
			hasScannedForEncodings = 0;
			knownRegions = (
				en,
			);
			mainGroup = 91018A061DD2701200BB4E40;
			productRefGroup = 91018A101DD2701200BB4E40 /* Products */;
			projectDirPath = "";
			projectRoot = "";
			targets = (
				91018A0E1DD2701200BB4E40 /* libwally-core-ios */,
			);
		};
/* End PBXProject section */

/* Begin PBXSourcesBuildPhase section */
		91018A0B1DD2701200BB4E40 /* Sources */ = {
			isa = PBXSourcesBuildPhase;
			buildActionMask = 2147483647;
			files = (
				91018A141DD2701200BB4E40 /* libwally_core_ios.m in Sources */,
			);
			runOnlyForDeploymentPostprocessing = 0;
		};
/* End PBXSourcesBuildPhase section */

/* Begin XCBuildConfiguration section */
		91018A161DD2701200BB4E40 /* Debug */ = {
			isa = XCBuildConfiguration;
			buildSettings = {
				ALWAYS_SEARCH_USER_PATHS = NO;
				CLANG_ANALYZER_NONNULL = YES;
				CLANG_CXX_LANGUAGE_STANDARD = "gnu++0x";
				CLANG_CXX_LIBRARY = "libc++";
				CLANG_ENABLE_MODULES = YES;
				CLANG_ENABLE_OBJC_ARC = YES;
				CLANG_WARN_BOOL_CONVERSION = YES;
				CLANG_WARN_CONSTANT_CONVERSION = YES;
				CLANG_WARN_DIRECT_OBJC_ISA_USAGE = YES_ERROR;
				CLANG_WARN_DOCUMENTATION_COMMENTS = YES;
				CLANG_WARN_EMPTY_BODY = YES;
				CLANG_WARN_ENUM_CONVERSION = YES;
				CLANG_WARN_INFINITE_RECURSION = YES;
				CLANG_WARN_INT_CONVERSION = YES;
				CLANG_WARN_OBJC_ROOT_CLASS = YES_ERROR;
				CLANG_WARN_SUSPICIOUS_MOVES = YES;
				CLANG_WARN_UNREACHABLE_CODE = YES;
				CLANG_WARN__DUPLICATE_METHOD_MATCH = YES;
				"CODE_SIGN_IDENTITY[sdk=iphoneos*]" = "iPhone Developer";
				COPY_PHASE_STRIP = NO;
				DEBUG_INFORMATION_FORMAT = dwarf;
				ENABLE_STRICT_OBJC_MSGSEND = YES;
				ENABLE_TESTABILITY = YES;
				GCC_C_LANGUAGE_STANDARD = gnu99;
				GCC_DYNAMIC_NO_PIC = NO;
				GCC_NO_COMMON_BLOCKS = YES;
				GCC_OPTIMIZATION_LEVEL = 0;
				GCC_PREPROCESSOR_DEFINITIONS = (
					"DEBUG=1",
					"$(inherited)",
				);
				GCC_WARN_64_TO_32_BIT_CONVERSION = YES;
				GCC_WARN_ABOUT_RETURN_TYPE = YES_ERROR;
				GCC_WARN_UNDECLARED_SELECTOR = YES;
				GCC_WARN_UNINITIALIZED_AUTOS = YES_AGGRESSIVE;
				GCC_WARN_UNUSED_FUNCTION = YES;
				GCC_WARN_UNUSED_VARIABLE = YES;
				IPHONEOS_DEPLOYMENT_TARGET = 10.1;
				MTL_ENABLE_DEBUG_INFO = YES;
				ONLY_ACTIVE_ARCH = YES;
				SDKROOT = iphoneos;
			};
			name = Debug;
		};
		91018A171DD2701200BB4E40 /* Release */ = {
			isa = XCBuildConfiguration;
			buildSettings = {
				ALWAYS_SEARCH_USER_PATHS = NO;
				CLANG_ANALYZER_NONNULL = YES;
				CLANG_CXX_LANGUAGE_STANDARD = "gnu++0x";
				CLANG_CXX_LIBRARY = "libc++";
				CLANG_ENABLE_MODULES = YES;
				CLANG_ENABLE_OBJC_ARC = YES;
				CLANG_WARN_BOOL_CONVERSION = YES;
				CLANG_WARN_CONSTANT_CONVERSION = YES;
				CLANG_WARN_DIRECT_OBJC_ISA_USAGE = YES_ERROR;
				CLANG_WARN_DOCUMENTATION_COMMENTS = YES;
				CLANG_WARN_EMPTY_BODY = YES;
				CLANG_WARN_ENUM_CONVERSION = YES;
				CLANG_WARN_INFINITE_RECURSION = YES;
				CLANG_WARN_INT_CONVERSION = YES;
				CLANG_WARN_OBJC_ROOT_CLASS = YES_ERROR;
				CLANG_WARN_SUSPICIOUS_MOVES = YES;
				CLANG_WARN_UNREACHABLE_CODE = YES;
				CLANG_WARN__DUPLICATE_METHOD_MATCH = YES;
				"CODE_SIGN_IDENTITY[sdk=iphoneos*]" = "iPhone Developer";
				COPY_PHASE_STRIP = NO;
				DEBUG_INFORMATION_FORMAT = "dwarf-with-dsym";
				ENABLE_NS_ASSERTIONS = NO;
				ENABLE_STRICT_OBJC_MSGSEND = YES;
				GCC_C_LANGUAGE_STANDARD = gnu99;
				GCC_NO_COMMON_BLOCKS = YES;
				GCC_WARN_64_TO_32_BIT_CONVERSION = YES;
				GCC_WARN_ABOUT_RETURN_TYPE = YES_ERROR;
				GCC_WARN_UNDECLARED_SELECTOR = YES;
				GCC_WARN_UNINITIALIZED_AUTOS = YES_AGGRESSIVE;
				GCC_WARN_UNUSED_FUNCTION = YES;
				GCC_WARN_UNUSED_VARIABLE = YES;
				IPHONEOS_DEPLOYMENT_TARGET = 10.1;
				MTL_ENABLE_DEBUG_INFO = NO;
				SDKROOT = iphoneos;
				VALIDATE_PRODUCT = YES;
			};
			name = Release;
		};
		91018A191DD2701200BB4E40 /* Debug */ = {
			isa = XCBuildConfiguration;
			buildSettings = {
				OTHER_LDFLAGS = "-ObjC";
				PRODUCT_NAME = "$(TARGET_NAME)";
				SKIP_INSTALL = YES;
			};
			name = Debug;
		};
		91018A1A1DD2701200BB4E40 /* Release */ = {
			isa = XCBuildConfiguration;
			buildSettings = {
				OTHER_LDFLAGS = "-ObjC";
				PRODUCT_NAME = "$(TARGET_NAME)";
				SKIP_INSTALL = YES;
			};
			name = Release;
		};
/* End XCBuildConfiguration section */

/* Begin XCConfigurationList section */
		91018A0A1DD2701200BB4E40 /* Build configuration list for PBXProject "libwally-core-ios" */ = {
			isa = XCConfigurationList;
			buildConfigurations = (
				91018A161DD2701200BB4E40 /* Debug */,
				91018A171DD2701200BB4E40 /* Release */,
			);
			defaultConfigurationIsVisible = 0;
			defaultConfigurationName = Release;
		};
		91018A181DD2701200BB4E40 /* Build configuration list for PBXNativeTarget "libwally-core-ios" */ = {
			isa = XCConfigurationList;
			buildConfigurations = (
				91018A191DD2701200BB4E40 /* Debug */,
				91018A1A1DD2701200BB4E40 /* Release */,
			);
			defaultConfigurationIsVisible = 0;
		};
/* End XCConfigurationList section */
	};
	rootObject = 91018A071DD2701200BB4E40 /* Project object */;
}
